
Microsoft Visual Studio Solution File, Format Version 12.00
# Visual Studio Version 16
VisualStudioVersion = 16.0.30104.148
MinimumVisualStudioVersion = 10.0.40219.1
Project("{9A19103F-16F7-4668-BE54-9A1E7A4F7556}") = "Asn1", "Asn1\Asn1.csproj", "{AB657729-7DB5-4D47-99F6-EA82C96AEFB8}"
EndProject
Project("{FAE04EC0-301F-11D3-BF4B-00C04F79EFBC}") = "TestAsn1", "TestAsn1\TestAsn1.csproj", "{07E159F3-6CB2-4781-B3A0-215F68494925}"
EndProject
Global
	GlobalSection(SolutionConfigurationPlatforms) = preSolution
		Debug|Any CPU = Debug|Any CPU
		Release|Any CPU = Release|Any CPU
	EndGlobalSection
	GlobalSection(ProjectConfigurationPlatforms) = postSolution
		{AB657729-7DB5-4D47-99F6-EA82C96AEFB8}.Debug|Any CPU.ActiveCfg = Debug|Any CPU
		{AB657729-7DB5-4D47-99F6-EA82C96AEFB8}.Debug|Any CPU.Build.0 = Debug|Any CPU
		{AB657729-7DB5-4D47-99F6-EA82C96AEFB8}.Release|Any CPU.ActiveCfg = Release|Any CPU
		{AB657729-7DB5-4D47-99F6-EA82C96AEFB8}.Release|Any CPU.Build.0 = Release|Any CPU
		{07E159F3-6CB2-4781-B3A0-215F68494925}.Debug|Any CPU.ActiveCfg = Debug|Any CPU
		{07E159F3-6CB2-4781-B3A0-215F68494925}.Debug|Any CPU.Build.0 = Debug|Any CPU
		{07E159F3-6CB2-4781-B3A0-215F68494925}.Release|Any CPU.ActiveCfg = Release|Any CPU
		{07E159F3-6CB2-4781-B3A0-215F68494925}.Release|Any CPU.Build.0 = Release|Any CPU
	EndGlobalSection
	GlobalSection(SolutionProperties) = preSolution
		HideSolutionNode = FALSE
	EndGlobalSection
	GlobalSection(ExtensibilityGlobals) = postSolution
		SolutionGuid = {C83FC7F7-CB2F-4C3A-B6D0-770F2B878492}
	EndGlobalSection
EndGlobal
